
Microsoft Visual Studio Solution File, Format Version 12.00
# Visual Studio 14
VisualStudioVersion = 14.0.24720.0
MinimumVisualStudioVersion = 10.0.40219.1
Project("{FAE04EC0-301F-11D3-BF4B-00C04F79EFBC}") = "SFMPanoramaTool", "SFMPanoramaTool\SFMPanoramaTool.csproj", "{B2554B20-D455-4BF8-BA1B-75BF90AF3E81}"
EndProject
Project("{2150E333-8FDC-42A3-9474-1A3956D46DE8}") = "Solution Items", "Solution Items", "{CFE9C29A-374A-4972-B009-48B87E718CA9}"
EndProject
Project("{FAE04EC0-301F-11D3-BF4B-00C04F79EFBC}") = "Datamodel.NET", "..\Datamodel.NET\Datamodel.NET.csproj", "{075743A9-B292-410C-B68F-6E6CF588D60A}"
EndProject
Project("{FAE04EC0-301F-11D3-BF4B-00C04F79EFBC}") = "DmxPad", "..\Datamodel.NET\DmxPad\DmxPad.csproj", "{B49BF0E9-46DB-4BE3-9890-02FF5C098C7C}"
EndProject
Project("{FAE04EC0-301F-11D3-BF4B-00C04F79EFBC}") = "Tests", "..\Datamodel.NET\Tests\Tests.csproj", "{4C928D60-5E48-4C0D-9C7E-C75D9734CD58}"
EndProject
Global
	GlobalSection(SolutionConfigurationPlatforms) = preSolution
		Debug|Any CPU = Debug|Any CPU
		Debug|x86 = Debug|x86
		Documentation|Any CPU = Documentation|Any CPU
		Documentation|x86 = Documentation|x86
		Release|Any CPU = Release|Any CPU
		Release|x86 = Release|x86
	EndGlobalSection
	GlobalSection(ProjectConfigurationPlatforms) = postSolution
		{B2554B20-D455-4BF8-BA1B-75BF90AF3E81}.Debug|Any CPU.ActiveCfg = Debug|Any CPU
		{B2554B20-D455-4BF8-BA1B-75BF90AF3E81}.Debug|Any CPU.Build.0 = Debug|Any CPU
		{B2554B20-D455-4BF8-BA1B-75BF90AF3E81}.Debug|x86.ActiveCfg = Debug|x86
		{B2554B20-D455-4BF8-BA1B-75BF90AF3E81}.Debug|x86.Build.0 = Debug|x86
		{B2554B20-D455-4BF8-BA1B-75BF90AF3E81}.Documentation|Any CPU.ActiveCfg = Debug|Any CPU
		{B2554B20-D455-4BF8-BA1B-75BF90AF3E81}.Documentation|Any CPU.Build.0 = Debug|Any CPU
		{B2554B20-D455-4BF8-BA1B-75BF90AF3E81}.Documentation|x86.ActiveCfg = Debug|x86
		{B2554B20-D455-4BF8-BA1B-75BF90AF3E81}.Documentation|x86.Build.0 = Debug|x86
		{B2554B20-D455-4BF8-BA1B-75BF90AF3E81}.Release|Any CPU.ActiveCfg = Release|Any CPU
		{B2554B20-D455-4BF8-BA1B-75BF90AF3E81}.Release|Any CPU.Build.0 = Release|Any CPU
		{B2554B20-D455-4BF8-BA1B-75BF90AF3E81}.Release|x86.ActiveCfg = Release|x86
		{B2554B20-D455-4BF8-BA1B-75BF90AF3E81}.Release|x86.Build.0 = Release|x86
		{075743A9-B292-410C-B68F-6E6CF588D60A}.Debug|Any CPU.ActiveCfg = Debug|Any CPU
		{075743A9-B292-410C-B68F-6E6CF588D60A}.Debug|Any CPU.Build.0 = Debug|Any CPU
		{075743A9-B292-410C-B68F-6E6CF588D60A}.Debug|x86.ActiveCfg = Debug|x86
		{075743A9-B292-410C-B68F-6E6CF588D60A}.Debug|x86.Build.0 = Debug|x86
		{075743A9-B292-410C-B68F-6E6CF588D60A}.Documentation|Any CPU.ActiveCfg = Documentation|Any CPU
		{075743A9-B292-410C-B68F-6E6CF588D60A}.Documentation|Any CPU.Build.0 = Documentation|Any CPU
		{075743A9-B292-410C-B68F-6E6CF588D60A}.Documentation|x86.ActiveCfg = Documentation|Any CPU
		{075743A9-B292-410C-B68F-6E6CF588D60A}.Documentation|x86.Build.0 = Documentation|Any CPU
		{075743A9-B292-410C-B68F-6E6CF588D60A}.Release|Any CPU.ActiveCfg = Release|Any CPU
		{075743A9-B292-410C-B68F-6E6CF588D60A}.Release|Any CPU.Build.0 = Release|Any CPU
		{075743A9-B292-410C-B68F-6E6CF588D60A}.Release|x86.ActiveCfg = Release|Any CPU
		{075743A9-B292-410C-B68F-6E6CF588D60A}.Release|x86.Build.0 = Release|Any CPU
		{B49BF0E9-46DB-4BE3-9890-02FF5C098C7C}.Debug|Any CPU.ActiveCfg = Debug|Any CPU
		{B49BF0E9-46DB-4BE3-9890-02FF5C098C7C}.Debug|Any CPU.Build.0 = Debug|Any CPU
		{B49BF0E9-46DB-4BE3-9890-02FF5C098C7C}.Debug|x86.ActiveCfg = Debug|x86
		{B49BF0E9-46DB-4BE3-9890-02FF5C098C7C}.Debug|x86.Build.0 = Debug|x86
		{B49BF0E9-46DB-4BE3-9890-02FF5C098C7C}.Documentation|Any CPU.ActiveCfg = Debug|Any CPU
		{B49BF0E9-46DB-4BE3-9890-02FF5C098C7C}.Documentation|Any CPU.Build.0 = Debug|Any CPU
		{B49BF0E9-46DB-4BE3-9890-02FF5C098C7C}.Documentation|x86.ActiveCfg = Debug|x86
		{B49BF0E9-46DB-4BE3-9890-02FF5C098C7C}.Documentation|x86.Build.0 = Debug|x86
		{B49BF0E9-46DB-4BE3-9890-02FF5C098C7C}.Release|Any CPU.ActiveCfg = Release|Any CPU
		{B49BF0E9-46DB-4BE3-9890-02FF5C098C7C}.Release|Any CPU.Build.0 = Release|Any CPU
		{B49BF0E9-46DB-4BE3-9890-02FF5C098C7C}.Release|x86.ActiveCfg = Release|x86
		{B49BF0E9-46DB-4BE3-9890-02FF5C098C7C}.Release|x86.Build.0 = Release|x86
		{4C928D60-5E48-4C0D-9C7E-C75D9734CD58}.Debug|Any CPU.ActiveCfg = Debug|Any CPU
		{4C928D60-5E48-4C0D-9C7E-C75D9734CD58}.Debug|Any CPU.Build.0 = Debug|Any CPU
		{4C928D60-5E48-4C0D-9C7E-C75D9734CD58}.Debug|x86.ActiveCfg = Debug|Any CPU
		{4C928D60-5E48-4C0D-9C7E-C75D9734CD58}.Debug|x86.Build.0 = Debug|Any CPU
		{4C928D60-5E48-4C0D-9C7E-C75D9734CD58}.Documentation|Any CPU.ActiveCfg = Debug|Any CPU
		{4C928D60-5E48-4C0D-9C7E-C75D9734CD58}.Documentation|Any CPU.Build.0 = Debug|Any CPU
		{4C928D60-5E48-4C0D-9C7E-C75D9734CD58}.Documentation|x86.ActiveCfg = Debug|Any CPU
		{4C928D60-5E48-4C0D-9C7E-C75D9734CD58}.Documentation|x86.Build.0 = Debug|Any CPU
		{4C928D60-5E48-4C0D-9C7E-C75D9734CD58}.Release|Any CPU.ActiveCfg = Release|Any CPU
		{4C928D60-5E48-4C0D-9C7E-C75D9734CD58}.Release|Any CPU.Build.0 = Release|Any CPU
		{4C928D60-5E48-4C0D-9C7E-C75D9734CD58}.Release|x86.ActiveCfg = Release|Any CPU
		{4C928D60-5E48-4C0D-9C7E-C75D9734CD58}.Release|x86.Build.0 = Release|Any CPU
	EndGlobalSection
	GlobalSection(SolutionProperties) = preSolution
		HideSolutionNode = FALSE
	EndGlobalSection
EndGlobal
